
Microsoft Visual Studio Solution File, Format Version 12.00
# Visual Studio Version 16
VisualStudioVersion = 16.0.30104.148
MinimumVisualStudioVersion = 10.0.40219.1
Project("{FAE04EC0-301F-11D3-BF4B-00C04F79EFBC}") = "RepositorioGit", "RepositorioGit\RepositorioGit.csproj", "{DC03E5AE-286F-4F8E-8AFE-DB8C2E343DBF}"
EndProject
Global
	GlobalSection(SolutionConfigurationPlatforms) = preSolution
		Debug|Any CPU = Debug|Any CPU
		Release|Any CPU = Release|Any CPU
	EndGlobalSection
	GlobalSection(ProjectConfigurationPlatforms) = postSolution
		{DC03E5AE-286F-4F8E-8AFE-DB8C2E343DBF}.Debug|Any CPU.ActiveCfg = Debug|Any CPU
		{DC03E5AE-286F-4F8E-8AFE-DB8C2E343DBF}.Debug|Any CPU.Build.0 = Debug|Any CPU
		{DC03E5AE-286F-4F8E-8AFE-DB8C2E343DBF}.Release|Any CPU.ActiveCfg = Release|Any CPU
		{DC03E5AE-286F-4F8E-8AFE-DB8C2E343DBF}.Release|Any CPU.Build.0 = Release|Any CPU
	EndGlobalSection
	GlobalSection(SolutionProperties) = preSolution
		HideSolutionNode = FALSE
	EndGlobalSection
	GlobalSection(ExtensibilityGlobals) = postSolution
		SolutionGuid = {0BC3F78B-A9CB-4728-911E-9C7AB18489EA}
	EndGlobalSection
EndGlobal
